
Microsoft Visual Studio Solution File, Format Version 12.00
# Visual Studio Version 16
VisualStudioVersion = 16.0.30611.23
MinimumVisualStudioVersion = 10.0.40219.1
Project("{FAE04EC0-301F-11D3-BF4B-00C04F79EFBC}") = "PresentationLayer", "PresentationLayer.csproj", "{9F96E2B7-6EC7-4687-AFB6-19409623713F}"
EndProject
Project("{FAE04EC0-301F-11D3-BF4B-00C04F79EFBC}") = "DataLayer", "DataLayer\DataLayer.csproj", "{74E006E9-5FEF-4C86-BD26-079040E135DD}"
EndProject
Project("{FAE04EC0-301F-11D3-BF4B-00C04F79EFBC}") = "BusinessModelLayer", "BusinessModelLayer\BusinessModelLayer.csproj", "{D7D223BA-F322-4432-AAC9-D8CEFFD2EDA9}"
EndProject
Project("{FAE04EC0-301F-11D3-BF4B-00C04F79EFBC}") = "ServicesLayer", "ServicesLayer\ServicesLayer.csproj", "{F5BF939D-43BA-4CC6-9FA5-85CCB581F746}"
EndProject
Global
	GlobalSection(SolutionConfigurationPlatforms) = preSolution
		Debug|Any CPU = Debug|Any CPU
		Release|Any CPU = Release|Any CPU
	EndGlobalSection
	GlobalSection(ProjectConfigurationPlatforms) = postSolution
		{9F96E2B7-6EC7-4687-AFB6-19409623713F}.Debug|Any CPU.ActiveCfg = Debug|Any CPU
		{9F96E2B7-6EC7-4687-AFB6-19409623713F}.Debug|Any CPU.Build.0 = Debug|Any CPU
		{9F96E2B7-6EC7-4687-AFB6-19409623713F}.Release|Any CPU.ActiveCfg = Release|Any CPU
		{9F96E2B7-6EC7-4687-AFB6-19409623713F}.Release|Any CPU.Build.0 = Release|Any CPU
		{74E006E9-5FEF-4C86-BD26-079040E135DD}.Debug|Any CPU.ActiveCfg = Debug|Any CPU
		{74E006E9-5FEF-4C86-BD26-079040E135DD}.Debug|Any CPU.Build.0 = Debug|Any CPU
		{74E006E9-5FEF-4C86-BD26-079040E135DD}.Release|Any CPU.ActiveCfg = Release|Any CPU
		{74E006E9-5FEF-4C86-BD26-079040E135DD}.Release|Any CPU.Build.0 = Release|Any CPU
		{D7D223BA-F322-4432-AAC9-D8CEFFD2EDA9}.Debug|Any CPU.ActiveCfg = Debug|Any CPU
		{D7D223BA-F322-4432-AAC9-D8CEFFD2EDA9}.Debug|Any CPU.Build.0 = Debug|Any CPU
		{D7D223BA-F322-4432-AAC9-D8CEFFD2EDA9}.Release|Any CPU.ActiveCfg = Release|Any CPU
		{D7D223BA-F322-4432-AAC9-D8CEFFD2EDA9}.Release|Any CPU.Build.0 = Release|Any CPU
		{F5BF939D-43BA-4CC6-9FA5-85CCB581F746}.Debug|Any CPU.ActiveCfg = Debug|Any CPU
		{F5BF939D-43BA-4CC6-9FA5-85CCB581F746}.Debug|Any CPU.Build.0 = Debug|Any CPU
		{F5BF939D-43BA-4CC6-9FA5-85CCB581F746}.Release|Any CPU.ActiveCfg = Release|Any CPU
		{F5BF939D-43BA-4CC6-9FA5-85CCB581F746}.Release|Any CPU.Build.0 = Release|Any CPU
	EndGlobalSection
	GlobalSection(SolutionProperties) = preSolution
		HideSolutionNode = FALSE
	EndGlobalSection
	GlobalSection(ExtensibilityGlobals) = postSolution
		SolutionGuid = {DE352066-BD62-48DD-A052-979F4B8298C0}
	EndGlobalSection
EndGlobal
